
Microsoft Visual Studio Solution File, Format Version 12.00
# Visual Studio Version 16
VisualStudioVersion = 16.0.29102.190
MinimumVisualStudioVersion = 10.0.40219.1
Project("{9A19103F-16F7-4668-BE54-9A1E7A4F7556}") = "CMDMain", "CMDMain\CMDMain.csproj", "{FCCB851F-79D6-4C0A-AAE0-71D627614514}"
EndProject
Project("{FAE04EC0-301F-11D3-BF4B-00C04F79EFBC}") = "UserContext", "UserContext\UserContext.csproj", "{725FF8FB-3824-47F8-B0A3-66DFB77E34CC}"
EndProject
Global
	GlobalSection(SolutionConfigurationPlatforms) = preSolution
		Debug|Any CPU = Debug|Any CPU
		Release|Any CPU = Release|Any CPU
	EndGlobalSection
	GlobalSection(ProjectConfigurationPlatforms) = postSolution
		{FCCB851F-79D6-4C0A-AAE0-71D627614514}.Debug|Any CPU.ActiveCfg = Release|Any CPU
		{FCCB851F-79D6-4C0A-AAE0-71D627614514}.Debug|Any CPU.Build.0 = Release|Any CPU
		{FCCB851F-79D6-4C0A-AAE0-71D627614514}.Release|Any CPU.ActiveCfg = Release|Any CPU
		{FCCB851F-79D6-4C0A-AAE0-71D627614514}.Release|Any CPU.Build.0 = Release|Any CPU
		{725FF8FB-3824-47F8-B0A3-66DFB77E34CC}.Debug|Any CPU.ActiveCfg = Debug|Any CPU
		{725FF8FB-3824-47F8-B0A3-66DFB77E34CC}.Debug|Any CPU.Build.0 = Debug|Any CPU
		{725FF8FB-3824-47F8-B0A3-66DFB77E34CC}.Release|Any CPU.ActiveCfg = Release|Any CPU
		{725FF8FB-3824-47F8-B0A3-66DFB77E34CC}.Release|Any CPU.Build.0 = Release|Any CPU
	EndGlobalSection
	GlobalSection(SolutionProperties) = preSolution
		HideSolutionNode = FALSE
	EndGlobalSection
	GlobalSection(ExtensibilityGlobals) = postSolution
		SolutionGuid = {6E6687D1-2C5C-4B57-AD63-F9BD382D9418}
	EndGlobalSection
EndGlobal
